// !$*UTF8*$!
{
	archiveVersion = 1;
	classes = {
	};
	objectVersion = 46;
	objects = {

/* Begin PBXBuildFile section */
		B0577C191AA8178000AAF373 /* main.cpp in Sources */ = {isa = PBXBuildFile; fileRef = B0577C181AA8178000AAF373 /* main.cpp */; };
		B0872FB91AABB64F00C55757 /* myDisjointSet.cpp in Sources */ = {isa = PBXBuildFile; fileRef = B0872FB61AABB64F00C55757 /* myDisjointSet.cpp */; };
/* End PBXBuildFile section */

/* Begin PBXCopyFilesBuildPhase section */
		B0577C131AA8178000AAF373 /* CopyFiles */ = {
			isa = PBXCopyFilesBuildPhase;
			buildActionMask = 2147483647;
			dstPath = /usr/share/man/man1/;
			dstSubfolderSpec = 0;
			files = (
			);
			runOnlyForDeploymentPostprocessing = 1;
		};
/* End PBXCopyFilesBuildPhase section */

/* Begin PBXFileReference section */
		B0577C151AA8178000AAF373 /* ConlyImp */ = {isa = PBXFileReference; explicitFileType = "compiled.mach-o.executable"; includeInIndex = 0; path = ConlyImp; sourceTree = BUILT_PRODUCTS_DIR; };
		B0577C181AA8178000AAF373 /* main.cpp */ = {isa = PBXFileReference; lastKnownFileType = sourcecode.cpp.cpp; path = main.cpp; sourceTree = "<group>"; };
		B0577C1F1AA8261500AAF373 /* buildGraph.h */ = {isa = PBXFileReference; lastKnownFileType = sourcecode.c.h; path = buildGraph.h; sourceTree = "<group>"; };
		B0872FB51AABB64F00C55757 /* edges.h */ = {isa = PBXFileReference; fileEncoding = 4; lastKnownFileType = sourcecode.c.h; name = edges.h; path = 0_utils/edges.h; sourceTree = "<group>"; };
		B0872FB61AABB64F00C55757 /* myDisjointSet.cpp */ = {isa = PBXFileReference; fileEncoding = 4; lastKnownFileType = sourcecode.cpp.cpp; name = myDisjointSet.cpp; path = 0_utils/myDisjointSet.cpp; sourceTree = "<group>"; };
		B0872FB71AABB64F00C55757 /* myDisjointSet.h */ = {isa = PBXFileReference; fileEncoding = 4; lastKnownFileType = sourcecode.c.h; name = myDisjointSet.h; path = 0_utils/myDisjointSet.h; sourceTree = "<group>"; };
		B0872FB81AABB64F00C55757 /* typeUtility.h */ = {isa = PBXFileReference; fileEncoding = 4; lastKnownFileType = sourcecode.c.h; name = typeUtility.h; path = 0_utils/typeUtility.h; sourceTree = "<group>"; };
		B0872FBA1AABB66400C55757 /* Segment.h */ = {isa = PBXFileReference; fileEncoding = 4; lastKnownFileType = sourcecode.c.h; path = Segment.h; sourceTree = "<group>"; };
/* End PBXFileReference section */

/* Begin PBXFrameworksBuildPhase section */
		B0577C121AA8178000AAF373 /* Frameworks */ = {
			isa = PBXFrameworksBuildPhase;
			buildActionMask = 2147483647;
			files = (
			);
			runOnlyForDeploymentPostprocessing = 0;
		};
/* End PBXFrameworksBuildPhase section */

/* Begin PBXGroup section */
		B0577C0C1AA8178000AAF373 = {
			isa = PBXGroup;
			children = (
				B0577C171AA8178000AAF373 /* ConlyImp */,
				B0577C161AA8178000AAF373 /* Products */,
			);
			sourceTree = "<group>";
		};
		B0577C161AA8178000AAF373 /* Products */ = {
			isa = PBXGroup;
			children = (
				B0577C151AA8178000AAF373 /* ConlyImp */,
			);
			name = Products;
			sourceTree = "<group>";
		};
		B0577C171AA8178000AAF373 /* ConlyImp */ = {
			isa = PBXGroup;
			children = (
				B0577C181AA8178000AAF373 /* main.cpp */,
				B0577C1F1AA8261500AAF373 /* buildGraph.h */,
				B0872FBA1AABB66400C55757 /* Segment.h */,
				B0872FB51AABB64F00C55757 /* edges.h */,
				B0872FB61AABB64F00C55757 /* myDisjointSet.cpp */,
				B0872FB71AABB64F00C55757 /* myDisjointSet.h */,
				B0872FB81AABB64F00C55757 /* typeUtility.h */,
			);
			path = ConlyImp;
			sourceTree = "<group>";
		};
/* End PBXGroup section */

/* Begin PBXNativeTarget section */
		B0577C141AA8178000AAF373 /* ConlyImp */ = {
			isa = PBXNativeTarget;
			buildConfigurationList = B0577C1C1AA8178000AAF373 /* Build configuration list for PBXNativeTarget "ConlyImp" */;
			buildPhases = (
				B0577C111AA8178000AAF373 /* Sources */,
				B0577C121AA8178000AAF373 /* Frameworks */,
				B0577C131AA8178000AAF373 /* CopyFiles */,
			);
			buildRules = (
			);
			dependencies = (
			);
			name = ConlyImp;
			productName = ConlyImp;
			productReference = B0577C151AA8178000AAF373 /* ConlyImp */;
			productType = "com.apple.product-type.tool";
		};
/* End PBXNativeTarget section */

/* Begin PBXProject section */
		B0577C0D1AA8178000AAF373 /* Project object */ = {
			isa = PBXProject;
			attributes = {
				LastUpgradeCheck = 0610;
				ORGANIZATIONNAME = StevenM;
				TargetAttributes = {
					B0577C141AA8178000AAF373 = {
						CreatedOnToolsVersion = 6.1.1;
					};
				};
			};
			buildConfigurationList = B0577C101AA8178000AAF373 /* Build configuration list for PBXProject "ConlyImp" */;
			compatibilityVersion = "Xcode 3.2";
			developmentRegion = English;
			hasScannedForEncodings = 0;
			knownRegions = (
				en,
			);
			mainGroup = B0577C0C1AA8178000AAF373;
			productRefGroup = B0577C161AA8178000AAF373 /* Products */;
			projectDirPath = "";
			projectRoot = "";
			targets = (
				B0577C141AA8178000AAF373 /* ConlyImp */,
			);
		};
/* End PBXProject section */

/* Begin PBXSourcesBuildPhase section */
		B0577C111AA8178000AAF373 /* Sources */ = {
			isa = PBXSourcesBuildPhase;
			buildActionMask = 2147483647;
			files = (
				B0872FB91AABB64F00C55757 /* myDisjointSet.cpp in Sources */,
				B0577C191AA8178000AAF373 /* main.cpp in Sources */,
			);
			runOnlyForDeploymentPostprocessing = 0;
		};
/* End PBXSourcesBuildPhase section */

/* Begin XCBuildConfiguration section */
		B0577C1A1AA8178000AAF373 /* Debug */ = {
			isa = XCBuildConfiguration;
			buildSettings = {
				ALWAYS_SEARCH_USER_PATHS = NO;
				CLANG_CXX_LANGUAGE_STANDARD = "gnu++0x";
				CLANG_CXX_LIBRARY = "libc++";
				CLANG_ENABLE_MODULES = YES;
				CLANG_ENABLE_OBJC_ARC = YES;
				CLANG_WARN_BOOL_CONVERSION = YES;
				CLANG_WARN_CONSTANT_CONVERSION = YES;
				CLANG_WARN_DIRECT_OBJC_ISA_USAGE = YES_ERROR;
				CLANG_WARN_EMPTY_BODY = YES;
				CLANG_WARN_ENUM_CONVERSION = YES;
				CLANG_WARN_INT_CONVERSION = YES;
				CLANG_WARN_OBJC_ROOT_CLASS = YES_ERROR;
				CLANG_WARN_UNREACHABLE_CODE = YES;
				CLANG_WARN__DUPLICATE_METHOD_MATCH = YES;
				COPY_PHASE_STRIP = NO;
				ENABLE_STRICT_OBJC_MSGSEND = YES;
				GCC_C_LANGUAGE_STANDARD = gnu99;
				GCC_DYNAMIC_NO_PIC = NO;
				GCC_OPTIMIZATION_LEVEL = 0;
				GCC_PREPROCESSOR_DEFINITIONS = (
					"DEBUG=1",
					"$(inherited)",
				);
				GCC_SYMBOLS_PRIVATE_EXTERN = NO;
				GCC_WARN_64_TO_32_BIT_CONVERSION = YES;
				GCC_WARN_ABOUT_RETURN_TYPE = YES_ERROR;
				GCC_WARN_UNDECLARED_SELECTOR = YES;
				GCC_WARN_UNINITIALIZED_AUTOS = YES_AGGRESSIVE;
				GCC_WARN_UNUSED_FUNCTION = YES;
				GCC_WARN_UNUSED_VARIABLE = YES;
				MACOSX_DEPLOYMENT_TARGET = 10.10;
				MTL_ENABLE_DEBUG_INFO = YES;
				ONLY_ACTIVE_ARCH = YES;
				SDKROOT = macosx;
			};
			name = Debug;
		};
		B0577C1B1AA8178000AAF373 /* Release */ = {
			isa = XCBuildConfiguration;
			buildSettings = {
				ALWAYS_SEARCH_USER_PATHS = NO;
				CLANG_CXX_LANGUAGE_STANDARD = "gnu++0x";
				CLANG_CXX_LIBRARY = "libc++";
				CLANG_ENABLE_MODULES = YES;
				CLANG_ENABLE_OBJC_ARC = YES;
				CLANG_WARN_BOOL_CONVERSION = YES;
				CLANG_WARN_CONSTANT_CONVERSION = YES;
				CLANG_WARN_DIRECT_OBJC_ISA_USAGE = YES_ERROR;
				CLANG_WARN_EMPTY_BODY = YES;
				CLANG_WARN_ENUM_CONVERSION = YES;
				CLANG_WARN_INT_CONVERSION = YES;
				CLANG_WARN_OBJC_ROOT_CLASS = YES_ERROR;
				CLANG_WARN_UNREACHABLE_CODE = YES;
				CLANG_WARN__DUPLICATE_METHOD_MATCH = YES;
				COPY_PHASE_STRIP = YES;
				DEBUG_INFORMATION_FORMAT = "dwarf-with-dsym";
				ENABLE_NS_ASSERTIONS = NO;
				ENABLE_STRICT_OBJC_MSGSEND = YES;
				GCC_C_LANGUAGE_STANDARD = gnu99;
				GCC_WARN_64_TO_32_BIT_CONVERSION = YES;
				GCC_WARN_ABOUT_RETURN_TYPE = YES_ERROR;
				GCC_WARN_UNDECLARED_SELECTOR = YES;
				GCC_WARN_UNINITIALIZED_AUTOS = YES_AGGRESSIVE;
				GCC_WARN_UNUSED_FUNCTION = YES;
				GCC_WARN_UNUSED_VARIABLE = YES;
				MACOSX_DEPLOYMENT_TARGET = 10.10;
				MTL_ENABLE_DEBUG_INFO = NO;
				SDKROOT = macosx;
			};
			name = Release;
		};
		B0577C1D1AA8178000AAF373 /* Debug */ = {
			isa = XCBuildConfiguration;
			buildSettings = {
				HEADER_SEARCH_PATHS = (
					"$(inherited)",
					/Applications/Xcode.app/Contents/Developer/Toolchains/XcodeDefault.xctoolchain/usr/include,
					"/usr/local/Cellar/**",
				);
				LIBRARY_SEARCH_PATHS = "/usr/local/Cellar/**";
				OTHER_LDFLAGS = "-lopencv_imgcodecs";
				PRODUCT_NAME = "$(TARGET_NAME)";
			};
			name = Debug;
		};
		B0577C1E1AA8178000AAF373 /* Release */ = {
			isa = XCBuildConfiguration;
			buildSettings = {
				HEADER_SEARCH_PATHS = (
					"$(inherited)",
					/Applications/Xcode.app/Contents/Developer/Toolchains/XcodeDefault.xctoolchain/usr/include,
					"/usr/local/Cellar/**",
				);
				LIBRARY_SEARCH_PATHS = "/usr/local/Cellar/**";
				OTHER_LDFLAGS = "-lopencv_imgcodecs";
				PRODUCT_NAME = "$(TARGET_NAME)";
			};
			name = Release;
		};
/* End XCBuildConfiguration section */

/* Begin XCConfigurationList section */
		B0577C101AA8178000AAF373 /* Build configuration list for PBXProject "ConlyImp" */ = {
			isa = XCConfigurationList;
			buildConfigurations = (
				B0577C1A1AA8178000AAF373 /* Debug */,
				B0577C1B1AA8178000AAF373 /* Release */,
			);
			defaultConfigurationIsVisible = 0;
			defaultConfigurationName = Release;
		};
		B0577C1C1AA8178000AAF373 /* Build configuration list for PBXNativeTarget "ConlyImp" */ = {
			isa = XCConfigurationList;
			buildConfigurations = (
				B0577C1D1AA8178000AAF373 /* Debug */,
				B0577C1E1AA8178000AAF373 /* Release */,
			);
			defaultConfigurationIsVisible = 0;
			defaultConfigurationName = Release;
		};
/* End XCConfigurationList section */
	};
	rootObject = B0577C0D1AA8178000AAF373 /* Project object */;
}
